
Microsoft Visual Studio Solution File, Format Version 12.00
# Visual Studio Version 17
VisualStudioVersion = 17.0.32112.339
MinimumVisualStudioVersion = 10.0.40219.1
Project("{FAE04EC0-301F-11D3-BF4B-00C04F79EFBC}") = "RoutingSoapRest", "RoutingSoapRest.csproj", "{049AE125-0074-4C8E-96C7-CA0C21A2AED1}"
EndProject
Global
	GlobalSection(SolutionConfigurationPlatforms) = preSolution
		Debug|Any CPU = Debug|Any CPU
		Release|Any CPU = Release|Any CPU
	EndGlobalSection
	GlobalSection(ProjectConfigurationPlatforms) = postSolution
		{049AE125-0074-4C8E-96C7-CA0C21A2AED1}.Debug|Any CPU.ActiveCfg = Debug|Any CPU
		{049AE125-0074-4C8E-96C7-CA0C21A2AED1}.Debug|Any CPU.Build.0 = Debug|Any CPU
		{049AE125-0074-4C8E-96C7-CA0C21A2AED1}.Release|Any CPU.ActiveCfg = Release|Any CPU
		{049AE125-0074-4C8E-96C7-CA0C21A2AED1}.Release|Any CPU.Build.0 = Release|Any CPU
	EndGlobalSection
	GlobalSection(SolutionProperties) = preSolution
		HideSolutionNode = FALSE
	EndGlobalSection
	GlobalSection(ExtensibilityGlobals) = postSolution
		SolutionGuid = {2E35D332-8EC5-49C2-B7DC-3C53080BFA98}
	EndGlobalSection
EndGlobal
