
Microsoft Visual Studio Solution File, Format Version 12.00
# Visual Studio Version 17
VisualStudioVersion = 17.0.32112.339
MinimumVisualStudioVersion = 10.0.40219.1
Project("{FAE04EC0-301F-11D3-BF4B-00C04F79EFBC}") = "Td4", "Td4.csproj", "{15354C24-2599-47CC-8F61-77FA32461BE9}"
EndProject
Global
	GlobalSection(SolutionConfigurationPlatforms) = preSolution
		Debug|Any CPU = Debug|Any CPU
		Release|Any CPU = Release|Any CPU
	EndGlobalSection
	GlobalSection(ProjectConfigurationPlatforms) = postSolution
		{15354C24-2599-47CC-8F61-77FA32461BE9}.Debug|Any CPU.ActiveCfg = Debug|Any CPU
		{15354C24-2599-47CC-8F61-77FA32461BE9}.Debug|Any CPU.Build.0 = Debug|Any CPU
		{15354C24-2599-47CC-8F61-77FA32461BE9}.Release|Any CPU.ActiveCfg = Release|Any CPU
		{15354C24-2599-47CC-8F61-77FA32461BE9}.Release|Any CPU.Build.0 = Release|Any CPU
	EndGlobalSection
	GlobalSection(SolutionProperties) = preSolution
		HideSolutionNode = FALSE
	EndGlobalSection
	GlobalSection(ExtensibilityGlobals) = postSolution
		SolutionGuid = {02EDF3F5-6879-4A10-A9E4-F8F4FE014354}
	EndGlobalSection
EndGlobal
